// !$*UTF8*$!
{
	archiveVersion = 1;
	classes = {
	};
	objectVersion = 46;
	objects = {

/* Begin PBXBuildFile section */
		1B0ADEB11591F04E0081D5DD /* PhotoViewController.m in Sources */ = {isa = PBXBuildFile; fileRef = 1B0ADEAF1591F04D0081D5DD /* PhotoViewController.m */; };
		1B0ADEB21591F04E0081D5DD /* PhotoViewController.xib in Resources */ = {isa = PBXBuildFile; fileRef = 1B0ADEB01591F04E0081D5DD /* PhotoViewController.xib */; };
		1B0ADEB61591F0ED0081D5DD /* AccountViewController.m in Sources */ = {isa = PBXBuildFile; fileRef = 1B0ADEB41591F0EC0081D5DD /* AccountViewController.m */; };
		1B0ADEB71591F0ED0081D5DD /* AccountViewController.xib in Resources */ = {isa = PBXBuildFile; fileRef = 1B0ADEB51591F0EC0081D5DD /* AccountViewController.xib */; };
		1B0C42CD1593164A006AD55A /* SelectPhotoViewController.m in Sources */ = {isa = PBXBuildFile; fileRef = 1B0C42CB1593164A006AD55A /* SelectPhotoViewController.m */; };
		1B0C42CE1593164A006AD55A /* SelectPhotoViewController.xib in Resources */ = {isa = PBXBuildFile; fileRef = 1B0C42CC1593164A006AD55A /* SelectPhotoViewController.xib */; };
		1B0D3FF415936BF3009D6DBE /* NotificationViewController.m in Sources */ = {isa = PBXBuildFile; fileRef = 1B0D3FF215936BF2009D6DBE /* NotificationViewController.m */; };
		1B0D3FF515936BF3009D6DBE /* NotificationViewController.xib in Resources */ = {isa = PBXBuildFile; fileRef = 1B0D3FF315936BF2009D6DBE /* NotificationViewController.xib */; };
		1B0D3FF915936E1E009D6DBE /* EventsViewController.m in Sources */ = {isa = PBXBuildFile; fileRef = 1B0D3FF715936E1E009D6DBE /* EventsViewController.m */; };
		1B0D3FFA15936E1E009D6DBE /* EventsViewController.xib in Resources */ = {isa = PBXBuildFile; fileRef = 1B0D3FF815936E1E009D6DBE /* EventsViewController.xib */; };
		1B0D400215937420009D6DBE /* MyEventsViewController.m in Sources */ = {isa = PBXBuildFile; fileRef = 1B0D400015937420009D6DBE /* MyEventsViewController.m */; };
		1B0D400315937420009D6DBE /* MyEventsViewController.xib in Resources */ = {isa = PBXBuildFile; fileRef = 1B0D400115937420009D6DBE /* MyEventsViewController.xib */; };
		1B325BD3158A1D4800800B08 /* MobileCoreServices.framework in Frameworks */ = {isa = PBXBuildFile; fileRef = 1B325BD2158A1D4800800B08 /* MobileCoreServices.framework */; };
		1B325BD5158A1D8A00800B08 /* libz.dylib in Frameworks */ = {isa = PBXBuildFile; fileRef = 1B325BD4158A1D8A00800B08 /* libz.dylib */; };
		1B325BF0158A1DFA00800B08 /* ASIAuthenticationDialog.m in Sources */ = {isa = PBXBuildFile; fileRef = 1B325BE1158A1DFA00800B08 /* ASIAuthenticationDialog.m */; settings = {COMPILER_FLAGS = "-fno-objc-arc"; }; };
		1B325BF1158A1DFA00800B08 /* ASIAuthenticationDialog.m in Sources */ = {isa = PBXBuildFile; fileRef = 1B325BE1158A1DFA00800B08 /* ASIAuthenticationDialog.m */; };
		1B325BF2158A1DFA00800B08 /* ASIInputStream.m in Sources */ = {isa = PBXBuildFile; fileRef = 1B325BE3158A1DFA00800B08 /* ASIInputStream.m */; settings = {COMPILER_FLAGS = "-fno-objc-arc"; }; };
		1B325BF3158A1DFA00800B08 /* ASIInputStream.m in Sources */ = {isa = PBXBuildFile; fileRef = 1B325BE3158A1DFA00800B08 /* ASIInputStream.m */; };
		1B325BF4158A1DFA00800B08 /* ASIFormDataRequest.m in Sources */ = {isa = PBXBuildFile; fileRef = 1B325BE5158A1DFA00800B08 /* ASIFormDataRequest.m */; settings = {COMPILER_FLAGS = "-fno-objc-arc"; }; };
		1B325BF5158A1DFA00800B08 /* ASIFormDataRequest.m in Sources */ = {isa = PBXBuildFile; fileRef = 1B325BE5158A1DFA00800B08 /* ASIFormDataRequest.m */; };
		1B325BF6158A1DFA00800B08 /* ASIHTTPRequest.m in Sources */ = {isa = PBXBuildFile; fileRef = 1B325BE7158A1DFA00800B08 /* ASIHTTPRequest.m */; settings = {COMPILER_FLAGS = "-fno-objc-arc"; }; };
		1B325BF7158A1DFA00800B08 /* ASIHTTPRequest.m in Sources */ = {isa = PBXBuildFile; fileRef = 1B325BE7158A1DFA00800B08 /* ASIHTTPRequest.m */; };
		1B325BF8158A1DFA00800B08 /* ASINetworkQueue.m in Sources */ = {isa = PBXBuildFile; fileRef = 1B325BE9158A1DFA00800B08 /* ASINetworkQueue.m */; settings = {COMPILER_FLAGS = "-fno-objc-arc"; }; };
		1B325BF9158A1DFA00800B08 /* ASINetworkQueue.m in Sources */ = {isa = PBXBuildFile; fileRef = 1B325BE9158A1DFA00800B08 /* ASINetworkQueue.m */; };
		1B325BFA158A1DFA00800B08 /* ASIDownloadCache.m in Sources */ = {isa = PBXBuildFile; fileRef = 1B325BEB158A1DFA00800B08 /* ASIDownloadCache.m */; settings = {COMPILER_FLAGS = "-fno-objc-arc"; }; };
		1B325BFB158A1DFA00800B08 /* ASIDownloadCache.m in Sources */ = {isa = PBXBuildFile; fileRef = 1B325BEB158A1DFA00800B08 /* ASIDownloadCache.m */; };
		1B325BFC158A1DFA00800B08 /* ASIDataDecompressor.m in Sources */ = {isa = PBXBuildFile; fileRef = 1B325BED158A1DFA00800B08 /* ASIDataDecompressor.m */; settings = {COMPILER_FLAGS = "-fno-objc-arc"; }; };
		1B325BFD158A1DFA00800B08 /* ASIDataDecompressor.m in Sources */ = {isa = PBXBuildFile; fileRef = 1B325BED158A1DFA00800B08 /* ASIDataDecompressor.m */; };
		1B325BFE158A1DFA00800B08 /* ASIDataCompressor.m in Sources */ = {isa = PBXBuildFile; fileRef = 1B325BEF158A1DFA00800B08 /* ASIDataCompressor.m */; settings = {COMPILER_FLAGS = "-fno-objc-arc"; }; };
		1B325BFF158A1DFA00800B08 /* ASIDataCompressor.m in Sources */ = {isa = PBXBuildFile; fileRef = 1B325BEF158A1DFA00800B08 /* ASIDataCompressor.m */; };
		1B325C01158A1E3F00800B08 /* CFNetwork.framework in Frameworks */ = {isa = PBXBuildFile; fileRef = 1B325C00158A1E3F00800B08 /* CFNetwork.framework */; };
		1B325C04158A1F2100800B08 /* Reachability.m in Sources */ = {isa = PBXBuildFile; fileRef = 1B325C03158A1F2100800B08 /* Reachability.m */; settings = {COMPILER_FLAGS = "-fno-objc-arc"; }; };
		1B325C05158A1F2100800B08 /* Reachability.m in Sources */ = {isa = PBXBuildFile; fileRef = 1B325C03158A1F2100800B08 /* Reachability.m */; };
		1B555C021589E875008ECCAD /* NSObject+SBJson.m in Sources */ = {isa = PBXBuildFile; fileRef = 1B555BEA1589E875008ECCAD /* NSObject+SBJson.m */; };
		1B555C031589E875008ECCAD /* SBJsonParser.m in Sources */ = {isa = PBXBuildFile; fileRef = 1B555BED1589E875008ECCAD /* SBJsonParser.m */; };
		1B555C041589E875008ECCAD /* SBJsonStreamParser.m in Sources */ = {isa = PBXBuildFile; fileRef = 1B555BEF1589E875008ECCAD /* SBJsonStreamParser.m */; };
		1B555C051589E875008ECCAD /* SBJsonStreamParserAccumulator.m in Sources */ = {isa = PBXBuildFile; fileRef = 1B555BF11589E875008ECCAD /* SBJsonStreamParserAccumulator.m */; };
		1B555C061589E875008ECCAD /* SBJsonStreamParserAdapter.m in Sources */ = {isa = PBXBuildFile; fileRef = 1B555BF31589E875008ECCAD /* SBJsonStreamParserAdapter.m */; };
		1B555C071589E875008ECCAD /* SBJsonStreamParserState.m in Sources */ = {isa = PBXBuildFile; fileRef = 1B555BF51589E875008ECCAD /* SBJsonStreamParserState.m */; };
		1B555C081589E875008ECCAD /* SBJsonStreamWriter.m in Sources */ = {isa = PBXBuildFile; fileRef = 1B555BF71589E875008ECCAD /* SBJsonStreamWriter.m */; };
		1B555C091589E875008ECCAD /* SBJsonStreamWriterAccumulator.m in Sources */ = {isa = PBXBuildFile; fileRef = 1B555BF91589E875008ECCAD /* SBJsonStreamWriterAccumulator.m */; };
		1B555C0A1589E875008ECCAD /* SBJsonStreamWriterState.m in Sources */ = {isa = PBXBuildFile; fileRef = 1B555BFB1589E875008ECCAD /* SBJsonStreamWriterState.m */; };
		1B555C0B1589E875008ECCAD /* SBJsonTokeniser.m in Sources */ = {isa = PBXBuildFile; fileRef = 1B555BFD1589E875008ECCAD /* SBJsonTokeniser.m */; };
		1B555C0C1589E875008ECCAD /* SBJsonUTF8Stream.m in Sources */ = {isa = PBXBuildFile; fileRef = 1B555BFF1589E875008ECCAD /* SBJsonUTF8Stream.m */; };
		1B555C0D1589E875008ECCAD /* SBJsonWriter.m in Sources */ = {isa = PBXBuildFile; fileRef = 1B555C011589E875008ECCAD /* SBJsonWriter.m */; };
		1B555C39158A13B5008ECCAD /* SystemConfiguration.framework in Frameworks */ = {isa = PBXBuildFile; fileRef = 1B555C38158A13B5008ECCAD /* SystemConfiguration.framework */; };
		1B8D82A41590D4B50038EC7C /* EditProfileViewController.m in Sources */ = {isa = PBXBuildFile; fileRef = 1B8D82A21590D4B50038EC7C /* EditProfileViewController.m */; };
		1B8D82A51590D4B50038EC7C /* EditProfileViewController.xib in Resources */ = {isa = PBXBuildFile; fileRef = 1B8D82A31590D4B50038EC7C /* EditProfileViewController.xib */; };
		1B99308015918D530077CAB8 /* AudioToolbox.framework in Frameworks */ = {isa = PBXBuildFile; fileRef = 1B99307F15918D530077CAB8 /* AudioToolbox.framework */; };
		1BD829AA15888B4900A2195B /* SignInViewController.m in Sources */ = {isa = PBXBuildFile; fileRef = 1BD829A815888B4900A2195B /* SignInViewController.m */; };
		1BD829AB15888B4900A2195B /* SignInViewController.xib in Resources */ = {isa = PBXBuildFile; fileRef = 1BD829A915888B4900A2195B /* SignInViewController.xib */; };
		1BD829B015888C1F00A2195B /* ForgotPassViewController.m in Sources */ = {isa = PBXBuildFile; fileRef = 1BD829AE15888C1F00A2195B /* ForgotPassViewController.m */; };
		1BD829B115888C1F00A2195B /* ForgotPassViewController.xib in Resources */ = {isa = PBXBuildFile; fileRef = 1BD829AF15888C1F00A2195B /* ForgotPassViewController.xib */; };
		1BD829B415888C8000A2195B /* TheClass.m in Sources */ = {isa = PBXBuildFile; fileRef = 1BD829B315888C8000A2195B /* TheClass.m */; };
		1BD829C31588B02300A2195B /* TPKeyboardAvoidingScrollView.m in Sources */ = {isa = PBXBuildFile; fileRef = 1BD829C11588AE7400A2195B /* TPKeyboardAvoidingScrollView.m */; };
		1BFD9433157E02CE00DCA36D /* UIKit.framework in Frameworks */ = {isa = PBXBuildFile; fileRef = 1BFD9432157E02CE00DCA36D /* UIKit.framework */; };
		1BFD9435157E02CE00DCA36D /* Foundation.framework in Frameworks */ = {isa = PBXBuildFile; fileRef = 1BFD9434157E02CE00DCA36D /* Foundation.framework */; };
		1BFD9437157E02CE00DCA36D /* CoreGraphics.framework in Frameworks */ = {isa = PBXBuildFile; fileRef = 1BFD9436157E02CE00DCA36D /* CoreGraphics.framework */; };
		1BFD943D157E02D000DCA36D /* InfoPlist.strings in Resources */ = {isa = PBXBuildFile; fileRef = 1BFD943B157E02D000DCA36D /* InfoPlist.strings */; };
		1BFD943F157E02D000DCA36D /* main.m in Sources */ = {isa = PBXBuildFile; fileRef = 1BFD943E157E02D000DCA36D /* main.m */; };
		1BFD9443157E02D200DCA36D /* AppDelegate.m in Sources */ = {isa = PBXBuildFile; fileRef = 1BFD9442157E02D200DCA36D /* AppDelegate.m */; };
		1BFD9448157E02D400DCA36D /* first.png in Resources */ = {isa = PBXBuildFile; fileRef = 1BFD9447157E02D400DCA36D /* first.png */; };
		1BFD944A157E02D600DCA36D /* first@2x.png in Resources */ = {isa = PBXBuildFile; fileRef = 1BFD9449157E02D600DCA36D /* first@2x.png */; };
		1BFD944F157E02D800DCA36D /* second.png in Resources */ = {isa = PBXBuildFile; fileRef = 1BFD944E157E02D800DCA36D /* second.png */; };
		1BFD9451157E02DA00DCA36D /* second@2x.png in Resources */ = {isa = PBXBuildFile; fileRef = 1BFD9450157E02DA00DCA36D /* second@2x.png */; };
		1BFD945F157E02DD00DCA36D /* SenTestingKit.framework in Frameworks */ = {isa = PBXBuildFile; fileRef = 1BFD945E157E02DD00DCA36D /* SenTestingKit.framework */; };
		1BFD9460157E02DD00DCA36D /* UIKit.framework in Frameworks */ = {isa = PBXBuildFile; fileRef = 1BFD9432157E02CE00DCA36D /* UIKit.framework */; };
		1BFD9461157E02DD00DCA36D /* Foundation.framework in Frameworks */ = {isa = PBXBuildFile; fileRef = 1BFD9434157E02CE00DCA36D /* Foundation.framework */; };
		1BFD9469157E02DF00DCA36D /* InfoPlist.strings in Resources */ = {isa = PBXBuildFile; fileRef = 1BFD9467157E02DF00DCA36D /* InfoPlist.strings */; };
		1BFD946C157E02E000DCA36D /* PartyAppTests.m in Sources */ = {isa = PBXBuildFile; fileRef = 1BFD946B157E02E000DCA36D /* PartyAppTests.m */; };
		1BFD9478157E0B3900DCA36D /* LogInViewController.m in Sources */ = {isa = PBXBuildFile; fileRef = 1BFD9476157E0B3900DCA36D /* LogInViewController.m */; };
		1BFD9479157E0B3900DCA36D /* LogInViewController.xib in Resources */ = {isa = PBXBuildFile; fileRef = 1BFD9477157E0B3900DCA36D /* LogInViewController.xib */; };
/* End PBXBuildFile section */

/* Begin PBXContainerItemProxy section */
		1BFD9462157E02DD00DCA36D /* PBXContainerItemProxy */ = {
			isa = PBXContainerItemProxy;
			containerPortal = 1BFD9425157E02CD00DCA36D /* Project object */;
			proxyType = 1;
			remoteGlobalIDString = 1BFD942D157E02CE00DCA36D;
			remoteInfo = PartyApp;
		};
/* End PBXContainerItemProxy section */

/* Begin PBXFileReference section */
		1B0ADEAE1591F04D0081D5DD /* PhotoViewController.h */ = {isa = PBXFileReference; fileEncoding = 4; lastKnownFileType = sourcecode.c.h; path = PhotoViewController.h; sourceTree = "<group>"; };
		1B0ADEAF1591F04D0081D5DD /* PhotoViewController.m */ = {isa = PBXFileReference; fileEncoding = 4; lastKnownFileType = sourcecode.c.objc; path = PhotoViewController.m; sourceTree = "<group>"; };
		1B0ADEB01591F04E0081D5DD /* PhotoViewController.xib */ = {isa = PBXFileReference; fileEncoding = 4; lastKnownFileType = file.xib; path = PhotoViewController.xib; sourceTree = "<group>"; };
		1B0ADEB31591F0EC0081D5DD /* AccountViewController.h */ = {isa = PBXFileReference; fileEncoding = 4; lastKnownFileType = sourcecode.c.h; path = AccountViewController.h; sourceTree = "<group>"; };
		1B0ADEB41591F0EC0081D5DD /* AccountViewController.m */ = {isa = PBXFileReference; fileEncoding = 4; lastKnownFileType = sourcecode.c.objc; path = AccountViewController.m; sourceTree = "<group>"; };
		1B0ADEB51591F0EC0081D5DD /* AccountViewController.xib */ = {isa = PBXFileReference; fileEncoding = 4; lastKnownFileType = file.xib; path = AccountViewController.xib; sourceTree = "<group>"; };
		1B0C42CA1593164A006AD55A /* SelectPhotoViewController.h */ = {isa = PBXFileReference; fileEncoding = 4; lastKnownFileType = sourcecode.c.h; path = SelectPhotoViewController.h; sourceTree = "<group>"; };
		1B0C42CB1593164A006AD55A /* SelectPhotoViewController.m */ = {isa = PBXFileReference; fileEncoding = 4; lastKnownFileType = sourcecode.c.objc; path = SelectPhotoViewController.m; sourceTree = "<group>"; };
		1B0C42CC1593164A006AD55A /* SelectPhotoViewController.xib */ = {isa = PBXFileReference; fileEncoding = 4; lastKnownFileType = file.xib; path = SelectPhotoViewController.xib; sourceTree = "<group>"; };
		1B0D3FF115936BF2009D6DBE /* NotificationViewController.h */ = {isa = PBXFileReference; fileEncoding = 4; lastKnownFileType = sourcecode.c.h; path = NotificationViewController.h; sourceTree = "<group>"; };
		1B0D3FF215936BF2009D6DBE /* NotificationViewController.m */ = {isa = PBXFileReference; fileEncoding = 4; lastKnownFileType = sourcecode.c.objc; path = NotificationViewController.m; sourceTree = "<group>"; };
		1B0D3FF315936BF2009D6DBE /* NotificationViewController.xib */ = {isa = PBXFileReference; fileEncoding = 4; lastKnownFileType = file.xib; path = NotificationViewController.xib; sourceTree = "<group>"; };
		1B0D3FF615936E1D009D6DBE /* EventsViewController.h */ = {isa = PBXFileReference; fileEncoding = 4; lastKnownFileType = sourcecode.c.h; path = EventsViewController.h; sourceTree = "<group>"; };
		1B0D3FF715936E1E009D6DBE /* EventsViewController.m */ = {isa = PBXFileReference; fileEncoding = 4; lastKnownFileType = sourcecode.c.objc; path = EventsViewController.m; sourceTree = "<group>"; };
		1B0D3FF815936E1E009D6DBE /* EventsViewController.xib */ = {isa = PBXFileReference; fileEncoding = 4; lastKnownFileType = file.xib; path = EventsViewController.xib; sourceTree = "<group>"; };
		1B0D3FFF15937420009D6DBE /* MyEventsViewController.h */ = {isa = PBXFileReference; fileEncoding = 4; lastKnownFileType = sourcecode.c.h; path = MyEventsViewController.h; sourceTree = "<group>"; };
		1B0D400015937420009D6DBE /* MyEventsViewController.m */ = {isa = PBXFileReference; fileEncoding = 4; lastKnownFileType = sourcecode.c.objc; path = MyEventsViewController.m; sourceTree = "<group>"; };
		1B0D400115937420009D6DBE /* MyEventsViewController.xib */ = {isa = PBXFileReference; fileEncoding = 4; lastKnownFileType = file.xib; path = MyEventsViewController.xib; sourceTree = "<group>"; };
		1B325BD2158A1D4800800B08 /* MobileCoreServices.framework */ = {isa = PBXFileReference; lastKnownFileType = wrapper.framework; name = MobileCoreServices.framework; path = System/Library/Frameworks/MobileCoreServices.framework; sourceTree = SDKROOT; };
		1B325BD4158A1D8A00800B08 /* libz.dylib */ = {isa = PBXFileReference; lastKnownFileType = "compiled.mach-o.dylib"; name = libz.dylib; path = usr/lib/libz.dylib; sourceTree = SDKROOT; };
		1B325BDC158A1DFA00800B08 /* ASIHTTPRequestConfig.h */ = {isa = PBXFileReference; fileEncoding = 4; lastKnownFileType = sourcecode.c.h; path = ASIHTTPRequestConfig.h; sourceTree = "<group>"; };
		1B325BDD158A1DFA00800B08 /* ASICacheDelegate.h */ = {isa = PBXFileReference; fileEncoding = 4; lastKnownFileType = sourcecode.c.h; path = ASICacheDelegate.h; sourceTree = "<group>"; };
		1B325BDE158A1DFA00800B08 /* ASIHTTPRequestDelegate.h */ = {isa = PBXFileReference; fileEncoding = 4; lastKnownFileType = sourcecode.c.h; path = ASIHTTPRequestDelegate.h; sourceTree = "<group>"; };
		1B325BDF158A1DFA00800B08 /* ASIProgressDelegate.h */ = {isa = PBXFileReference; fileEncoding = 4; lastKnownFileType = sourcecode.c.h; path = ASIProgressDelegate.h; sourceTree = "<group>"; };
		1B325BE0158A1DFA00800B08 /* ASIAuthenticationDialog.h */ = {isa = PBXFileReference; fileEncoding = 4; lastKnownFileType = sourcecode.c.h; path = ASIAuthenticationDialog.h; sourceTree = "<group>"; };
		1B325BE1158A1DFA00800B08 /* ASIAuthenticationDialog.m */ = {isa = PBXFileReference; fileEncoding = 4; lastKnownFileType = sourcecode.c.objc; path = ASIAuthenticationDialog.m; sourceTree = "<group>"; };
		1B325BE2158A1DFA00800B08 /* ASIInputStream.h */ = {isa = PBXFileReference; fileEncoding = 4; lastKnownFileType = sourcecode.c.h; path = ASIInputStream.h; sourceTree = "<group>"; };
		1B325BE3158A1DFA00800B08 /* ASIInputStream.m */ = {isa = PBXFileReference; fileEncoding = 4; lastKnownFileType = sourcecode.c.objc; path = ASIInputStream.m; sourceTree = "<group>"; };
		1B325BE4158A1DFA00800B08 /* ASIFormDataRequest.h */ = {isa = PBXFileReference; fileEncoding = 4; lastKnownFileType = sourcecode.c.h; path = ASIFormDataRequest.h; sourceTree = "<group>"; };
		1B325BE5158A1DFA00800B08 /* ASIFormDataRequest.m */ = {isa = PBXFileReference; fileEncoding = 4; lastKnownFileType = sourcecode.c.objc; path = ASIFormDataRequest.m; sourceTree = "<group>"; };
		1B325BE6158A1DFA00800B08 /* ASIHTTPRequest.h */ = {isa = PBXFileReference; fileEncoding = 4; lastKnownFileType = sourcecode.c.h; path = ASIHTTPRequest.h; sourceTree = "<group>"; };
		1B325BE7158A1DFA00800B08 /* ASIHTTPRequest.m */ = {isa = PBXFileReference; fileEncoding = 4; lastKnownFileType = sourcecode.c.objc; path = ASIHTTPRequest.m; sourceTree = "<group>"; };
		1B325BE8158A1DFA00800B08 /* ASINetworkQueue.h */ = {isa = PBXFileReference; fileEncoding = 4; lastKnownFileType = sourcecode.c.h; path = ASINetworkQueue.h; sourceTree = "<group>"; };
		1B325BE9158A1DFA00800B08 /* ASINetworkQueue.m */ = {isa = PBXFileReference; fileEncoding = 4; lastKnownFileType = sourcecode.c.objc; path = ASINetworkQueue.m; sourceTree = "<group>"; };
		1B325BEA158A1DFA00800B08 /* ASIDownloadCache.h */ = {isa = PBXFileReference; fileEncoding = 4; lastKnownFileType = sourcecode.c.h; path = ASIDownloadCache.h; sourceTree = "<group>"; };
		1B325BEB158A1DFA00800B08 /* ASIDownloadCache.m */ = {isa = PBXFileReference; fileEncoding = 4; lastKnownFileType = sourcecode.c.objc; path = ASIDownloadCache.m; sourceTree = "<group>"; };
		1B325BEC158A1DFA00800B08 /* ASIDataDecompressor.h */ = {isa = PBXFileReference; fileEncoding = 4; lastKnownFileType = sourcecode.c.h; path = ASIDataDecompressor.h; sourceTree = "<group>"; };
		1B325BED158A1DFA00800B08 /* ASIDataDecompressor.m */ = {isa = PBXFileReference; fileEncoding = 4; lastKnownFileType = sourcecode.c.objc; path = ASIDataDecompressor.m; sourceTree = "<group>"; };
		1B325BEE158A1DFA00800B08 /* ASIDataCompressor.h */ = {isa = PBXFileReference; fileEncoding = 4; lastKnownFileType = sourcecode.c.h; path = ASIDataCompressor.h; sourceTree = "<group>"; };
		1B325BEF158A1DFA00800B08 /* ASIDataCompressor.m */ = {isa = PBXFileReference; fileEncoding = 4; lastKnownFileType = sourcecode.c.objc; path = ASIDataCompressor.m; sourceTree = "<group>"; };
		1B325C00158A1E3F00800B08 /* CFNetwork.framework */ = {isa = PBXFileReference; lastKnownFileType = wrapper.framework; name = CFNetwork.framework; path = System/Library/Frameworks/CFNetwork.framework; sourceTree = SDKROOT; };
		1B325C02158A1F2100800B08 /* Reachability.h */ = {isa = PBXFileReference; fileEncoding = 4; lastKnownFileType = sourcecode.c.h; path = Reachability.h; sourceTree = "<group>"; };
		1B325C03158A1F2100800B08 /* Reachability.m */ = {isa = PBXFileReference; fileEncoding = 4; lastKnownFileType = sourcecode.c.objc; path = Reachability.m; sourceTree = "<group>"; };
		1B555BE91589E875008ECCAD /* NSObject+SBJson.h */ = {isa = PBXFileReference; fileEncoding = 4; lastKnownFileType = sourcecode.c.h; path = "NSObject+SBJson.h"; sourceTree = "<group>"; };
		1B555BEA1589E875008ECCAD /* NSObject+SBJson.m */ = {isa = PBXFileReference; fileEncoding = 4; lastKnownFileType = sourcecode.c.objc; path = "NSObject+SBJson.m"; sourceTree = "<group>"; };
		1B555BEB1589E875008ECCAD /* SBJson.h */ = {isa = PBXFileReference; fileEncoding = 4; lastKnownFileType = sourcecode.c.h; path = SBJson.h; sourceTree = "<group>"; };
		1B555BEC1589E875008ECCAD /* SBJsonParser.h */ = {isa = PBXFileReference; fileEncoding = 4; lastKnownFileType = sourcecode.c.h; path = SBJsonParser.h; sourceTree = "<group>"; };
		1B555BED1589E875008ECCAD /* SBJsonParser.m */ = {isa = PBXFileReference; fileEncoding = 4; lastKnownFileType = sourcecode.c.objc; path = SBJsonParser.m; sourceTree = "<group>"; };
		1B555BEE1589E875008ECCAD /* SBJsonStreamParser.h */ = {isa = PBXFileReference; fileEncoding = 4; lastKnownFileType = sourcecode.c.h; path = SBJsonStreamParser.h; sourceTree = "<group>"; };
		1B555BEF1589E875008ECCAD /* SBJsonStreamParser.m */ = {isa = PBXFileReference; fileEncoding = 4; lastKnownFileType = sourcecode.c.objc; path = SBJsonStreamParser.m; sourceTree = "<group>"; };
		1B555BF01589E875008ECCAD /* SBJsonStreamParserAccumulator.h */ = {isa = PBXFileReference; fileEncoding = 4; lastKnownFileType = sourcecode.c.h; path = SBJsonStreamParserAccumulator.h; sourceTree = "<group>"; };
		1B555BF11589E875008ECCAD /* SBJsonStreamParserAccumulator.m */ = {isa = PBXFileReference; fileEncoding = 4; lastKnownFileType = sourcecode.c.objc; path = SBJsonStreamParserAccumulator.m; sourceTree = "<group>"; };
		1B555BF21589E875008ECCAD /* SBJsonStreamParserAdapter.h */ = {isa = PBXFileReference; fileEncoding = 4; lastKnownFileType = sourcecode.c.h; path = SBJsonStreamParserAdapter.h; sourceTree = "<group>"; };
		1B555BF31589E875008ECCAD /* SBJsonStreamParserAdapter.m */ = {isa = PBXFileReference; fileEncoding = 4; lastKnownFileType = sourcecode.c.objc; path = SBJsonStreamParserAdapter.m; sourceTree = "<group>"; };
		1B555BF41589E875008ECCAD /* SBJsonStreamParserState.h */ = {isa = PBXFileReference; fileEncoding = 4; lastKnownFileType = sourcecode.c.h; path = SBJsonStreamParserState.h; sourceTree = "<group>"; };
		1B555BF51589E875008ECCAD /* SBJsonStreamParserState.m */ = {isa = PBXFileReference; fileEncoding = 4; lastKnownFileType = sourcecode.c.objc; path = SBJsonStreamParserState.m; sourceTree = "<group>"; };
		1B555BF61589E875008ECCAD /* SBJsonStreamWriter.h */ = {isa = PBXFileReference; fileEncoding = 4; lastKnownFileType = sourcecode.c.h; path = SBJsonStreamWriter.h; sourceTree = "<group>"; };
		1B555BF71589E875008ECCAD /* SBJsonStreamWriter.m */ = {isa = PBXFileReference; fileEncoding = 4; lastKnownFileType = sourcecode.c.objc; path = SBJsonStreamWriter.m; sourceTree = "<group>"; };
		1B555BF81589E875008ECCAD /* SBJsonStreamWriterAccumulator.h */ = {isa = PBXFileReference; fileEncoding = 4; lastKnownFileType = sourcecode.c.h; path = SBJsonStreamWriterAccumulator.h; sourceTree = "<group>"; };
		1B555BF91589E875008ECCAD /* SBJsonStreamWriterAccumulator.m */ = {isa = PBXFileReference; fileEncoding = 4; lastKnownFileType = sourcecode.c.objc; path = SBJsonStreamWriterAccumulator.m; sourceTree = "<group>"; };
		1B555BFA1589E875008ECCAD /* SBJsonStreamWriterState.h */ = {isa = PBXFileReference; fileEncoding = 4; lastKnownFileType = sourcecode.c.h; path = SBJsonStreamWriterState.h; sourceTree = "<group>"; };
		1B555BFB1589E875008ECCAD /* SBJsonStreamWriterState.m */ = {isa = PBXFileReference; fileEncoding = 4; lastKnownFileType = sourcecode.c.objc; path = SBJsonStreamWriterState.m; sourceTree = "<group>"; };
		1B555BFC1589E875008ECCAD /* SBJsonTokeniser.h */ = {isa = PBXFileReference; fileEncoding = 4; lastKnownFileType = sourcecode.c.h; path = SBJsonTokeniser.h; sourceTree = "<group>"; };
		1B555BFD1589E875008ECCAD /* SBJsonTokeniser.m */ = {isa = PBXFileReference; fileEncoding = 4; lastKnownFileType = sourcecode.c.objc; path = SBJsonTokeniser.m; sourceTree = "<group>"; };
		1B555BFE1589E875008ECCAD /* SBJsonUTF8Stream.h */ = {isa = PBXFileReference; fileEncoding = 4; lastKnownFileType = sourcecode.c.h; path = SBJsonUTF8Stream.h; sourceTree = "<group>"; };
		1B555BFF1589E875008ECCAD /* SBJsonUTF8Stream.m */ = {isa = PBXFileReference; fileEncoding = 4; lastKnownFileType = sourcecode.c.objc; path = SBJsonUTF8Stream.m; sourceTree = "<group>"; };
		1B555C001589E875008ECCAD /* SBJsonWriter.h */ = {isa = PBXFileReference; fileEncoding = 4; lastKnownFileType = sourcecode.c.h; path = SBJsonWriter.h; sourceTree = "<group>"; };
		1B555C011589E875008ECCAD /* SBJsonWriter.m */ = {isa = PBXFileReference; fileEncoding = 4; lastKnownFileType = sourcecode.c.objc; path = SBJsonWriter.m; sourceTree = "<group>"; };
		1B555C38158A13B5008ECCAD /* SystemConfiguration.framework */ = {isa = PBXFileReference; lastKnownFileType = wrapper.framework; name = SystemConfiguration.framework; path = System/Library/Frameworks/SystemConfiguration.framework; sourceTree = SDKROOT; };
		1B8D82A11590D4B50038EC7C /* EditProfileViewController.h */ = {isa = PBXFileReference; fileEncoding = 4; lastKnownFileType = sourcecode.c.h; path = EditProfileViewController.h; sourceTree = "<group>"; };
		1B8D82A21590D4B50038EC7C /* EditProfileViewController.m */ = {isa = PBXFileReference; fileEncoding = 4; lastKnownFileType = sourcecode.c.objc; path = EditProfileViewController.m; sourceTree = "<group>"; };
		1B8D82A31590D4B50038EC7C /* EditProfileViewController.xib */ = {isa = PBXFileReference; fileEncoding = 4; lastKnownFileType = file.xib; path = EditProfileViewController.xib; sourceTree = "<group>"; };
		1B99307F15918D530077CAB8 /* AudioToolbox.framework */ = {isa = PBXFileReference; lastKnownFileType = wrapper.framework; name = AudioToolbox.framework; path = System/Library/Frameworks/AudioToolbox.framework; sourceTree = SDKROOT; };
		1BD829A715888B4900A2195B /* SignInViewController.h */ = {isa = PBXFileReference; fileEncoding = 4; lastKnownFileType = sourcecode.c.h; path = SignInViewController.h; sourceTree = "<group>"; };
		1BD829A815888B4900A2195B /* SignInViewController.m */ = {isa = PBXFileReference; fileEncoding = 4; lastKnownFileType = sourcecode.c.objc; path = SignInViewController.m; sourceTree = "<group>"; };
		1BD829A915888B4900A2195B /* SignInViewController.xib */ = {isa = PBXFileReference; fileEncoding = 4; lastKnownFileType = file.xib; path = SignInViewController.xib; sourceTree = "<group>"; };
		1BD829AD15888C1F00A2195B /* ForgotPassViewController.h */ = {isa = PBXFileReference; fileEncoding = 4; lastKnownFileType = sourcecode.c.h; path = ForgotPassViewController.h; sourceTree = "<group>"; };
		1BD829AE15888C1F00A2195B /* ForgotPassViewController.m */ = {isa = PBXFileReference; fileEncoding = 4; lastKnownFileType = sourcecode.c.objc; path = ForgotPassViewController.m; sourceTree = "<group>"; };
		1BD829AF15888C1F00A2195B /* ForgotPassViewController.xib */ = {isa = PBXFileReference; fileEncoding = 4; lastKnownFileType = file.xib; path = ForgotPassViewController.xib; sourceTree = "<group>"; };
		1BD829B215888C8000A2195B /* TheClass.h */ = {isa = PBXFileReference; fileEncoding = 4; lastKnownFileType = sourcecode.c.h; path = TheClass.h; sourceTree = "<group>"; };
		1BD829B315888C8000A2195B /* TheClass.m */ = {isa = PBXFileReference; fileEncoding = 4; lastKnownFileType = sourcecode.c.objc; path = TheClass.m; sourceTree = "<group>"; };
		1BD829C01588AE7400A2195B /* TPKeyboardAvoidingScrollView.h */ = {isa = PBXFileReference; fileEncoding = 4; lastKnownFileType = sourcecode.c.h; name = TPKeyboardAvoidingScrollView.h; path = PartyApp/TPKeyboardAvoidingScrollView.h; sourceTree = SOURCE_ROOT; };
		1BD829C11588AE7400A2195B /* TPKeyboardAvoidingScrollView.m */ = {isa = PBXFileReference; fileEncoding = 4; lastKnownFileType = sourcecode.c.objc; name = TPKeyboardAvoidingScrollView.m; path = PartyApp/TPKeyboardAvoidingScrollView.m; sourceTree = SOURCE_ROOT; };
		1BFD942E157E02CE00DCA36D /* PartyApp.app */ = {isa = PBXFileReference; explicitFileType = wrapper.application; includeInIndex = 0; path = PartyApp.app; sourceTree = BUILT_PRODUCTS_DIR; };
		1BFD9432157E02CE00DCA36D /* UIKit.framework */ = {isa = PBXFileReference; lastKnownFileType = wrapper.framework; name = UIKit.framework; path = System/Library/Frameworks/UIKit.framework; sourceTree = SDKROOT; };
		1BFD9434157E02CE00DCA36D /* Foundation.framework */ = {isa = PBXFileReference; lastKnownFileType = wrapper.framework; name = Foundation.framework; path = System/Library/Frameworks/Foundation.framework; sourceTree = SDKROOT; };
		1BFD9436157E02CE00DCA36D /* CoreGraphics.framework */ = {isa = PBXFileReference; lastKnownFileType = wrapper.framework; name = CoreGraphics.framework; path = System/Library/Frameworks/CoreGraphics.framework; sourceTree = SDKROOT; };
		1BFD943A157E02D000DCA36D /* PartyApp-Info.plist */ = {isa = PBXFileReference; lastKnownFileType = text.plist.xml; path = "PartyApp-Info.plist"; sourceTree = "<group>"; };
		1BFD943C157E02D000DCA36D /* en */ = {isa = PBXFileReference; lastKnownFileType = text.plist.strings; name = en; path = en.lproj/InfoPlist.strings; sourceTree = "<group>"; };
		1BFD943E157E02D000DCA36D /* main.m */ = {isa = PBXFileReference; lastKnownFileType = sourcecode.c.objc; path = main.m; sourceTree = "<group>"; };
		1BFD9440157E02D100DCA36D /* PartyApp-Prefix.pch */ = {isa = PBXFileReference; lastKnownFileType = sourcecode.c.h; path = "PartyApp-Prefix.pch"; sourceTree = "<group>"; };
		1BFD9441157E02D100DCA36D /* AppDelegate.h */ = {isa = PBXFileReference; lastKnownFileType = sourcecode.c.h; path = AppDelegate.h; sourceTree = "<group>"; };
		1BFD9442157E02D200DCA36D /* AppDelegate.m */ = {isa = PBXFileReference; lastKnownFileType = sourcecode.c.objc; path = AppDelegate.m; sourceTree = "<group>"; };
		1BFD9447157E02D400DCA36D /* first.png */ = {isa = PBXFileReference; lastKnownFileType = image.png; path = first.png; sourceTree = "<group>"; };
		1BFD9449157E02D600DCA36D /* first@2x.png */ = {isa = PBXFileReference; lastKnownFileType = image.png; path = "first@2x.png"; sourceTree = "<group>"; };
		1BFD944E157E02D800DCA36D /* second.png */ = {isa = PBXFileReference; lastKnownFileType = image.png; path = second.png; sourceTree = "<group>"; };
		1BFD9450157E02DA00DCA36D /* second@2x.png */ = {isa = PBXFileReference; lastKnownFileType = image.png; path = "second@2x.png"; sourceTree = "<group>"; };
		1BFD945D157E02DD00DCA36D /* PartyAppTests.octest */ = {isa = PBXFileReference; explicitFileType = wrapper.cfbundle; includeInIndex = 0; path = PartyAppTests.octest; sourceTree = BUILT_PRODUCTS_DIR; };
		1BFD945E157E02DD00DCA36D /* SenTestingKit.framework */ = {isa = PBXFileReference; lastKnownFileType = wrapper.framework; name = SenTestingKit.framework; path = Library/Frameworks/SenTestingKit.framework; sourceTree = DEVELOPER_DIR; };
		1BFD9466157E02DE00DCA36D /* PartyAppTests-Info.plist */ = {isa = PBXFileReference; lastKnownFileType = text.plist.xml; path = "PartyAppTests-Info.plist"; sourceTree = "<group>"; };
		1BFD9468157E02DF00DCA36D /* en */ = {isa = PBXFileReference; lastKnownFileType = text.plist.strings; name = en; path = en.lproj/InfoPlist.strings; sourceTree = "<group>"; };
		1BFD946A157E02DF00DCA36D /* PartyAppTests.h */ = {isa = PBXFileReference; lastKnownFileType = sourcecode.c.h; path = PartyAppTests.h; sourceTree = "<group>"; };
		1BFD946B157E02E000DCA36D /* PartyAppTests.m */ = {isa = PBXFileReference; lastKnownFileType = sourcecode.c.objc; path = PartyAppTests.m; sourceTree = "<group>"; };
		1BFD9475157E0B3900DCA36D /* LogInViewController.h */ = {isa = PBXFileReference; fileEncoding = 4; lastKnownFileType = sourcecode.c.h; path = LogInViewController.h; sourceTree = "<group>"; };
		1BFD9476157E0B3900DCA36D /* LogInViewController.m */ = {isa = PBXFileReference; fileEncoding = 4; lastKnownFileType = sourcecode.c.objc; path = LogInViewController.m; sourceTree = "<group>"; };
		1BFD9477157E0B3900DCA36D /* LogInViewController.xib */ = {isa = PBXFileReference; fileEncoding = 4; lastKnownFileType = file.xib; path = LogInViewController.xib; sourceTree = "<group>"; };
/* End PBXFileReference section */

/* Begin PBXFrameworksBuildPhase section */
		1BFD942B157E02CE00DCA36D /* Frameworks */ = {
			isa = PBXFrameworksBuildPhase;
			buildActionMask = 2147483647;
			files = (
				1B99308015918D530077CAB8 /* AudioToolbox.framework in Frameworks */,
				1B325C01158A1E3F00800B08 /* CFNetwork.framework in Frameworks */,
				1B325BD5158A1D8A00800B08 /* libz.dylib in Frameworks */,
				1BFD9437157E02CE00DCA36D /* CoreGraphics.framework in Frameworks */,
				1B325BD3158A1D4800800B08 /* MobileCoreServices.framework in Frameworks */,
				1B555C39158A13B5008ECCAD /* SystemConfiguration.framework in Frameworks */,
				1BFD9433157E02CE00DCA36D /* UIKit.framework in Frameworks */,
				1BFD9435157E02CE00DCA36D /* Foundation.framework in Frameworks */,
			);
			runOnlyForDeploymentPostprocessing = 0;
		};
		1BFD9459157E02DD00DCA36D /* Frameworks */ = {
			isa = PBXFrameworksBuildPhase;
			buildActionMask = 2147483647;
			files = (
				1BFD945F157E02DD00DCA36D /* SenTestingKit.framework in Frameworks */,
				1BFD9460157E02DD00DCA36D /* UIKit.framework in Frameworks */,
				1BFD9461157E02DD00DCA36D /* Foundation.framework in Frameworks */,
			);
			runOnlyForDeploymentPostprocessing = 0;
		};
/* End PBXFrameworksBuildPhase section */

/* Begin PBXGroup section */
		1B0ADEB81591F1310081D5DD /* TabBarClasses */ = {
			isa = PBXGroup;
			children = (
				1B0D3FFE15936E92009D6DBE /* Account */,
				1B0D3FFD15936E7F009D6DBE /* Notification */,
				1B0D3FFC15936E73009D6DBE /* Events */,
				1B0C42C9159315E5006AD55A /* Photos&Friends */,
				1BFD9447157E02D400DCA36D /* first.png */,
				1BFD9449157E02D600DCA36D /* first@2x.png */,
				1BFD944E157E02D800DCA36D /* second.png */,
				1BFD9450157E02DA00DCA36D /* second@2x.png */,
			);
			name = TabBarClasses;
			sourceTree = "<group>";
		};
		1B0C42C9159315E5006AD55A /* Photos&Friends */ = {
			isa = PBXGroup;
			children = (
				1B0ADEAE1591F04D0081D5DD /* PhotoViewController.h */,
				1B0ADEAF1591F04D0081D5DD /* PhotoViewController.m */,
				1B0ADEB01591F04E0081D5DD /* PhotoViewController.xib */,
				1B0C42CA1593164A006AD55A /* SelectPhotoViewController.h */,
				1B0C42CB1593164A006AD55A /* SelectPhotoViewController.m */,
				1B0C42CC1593164A006AD55A /* SelectPhotoViewController.xib */,
			);
			name = "Photos&Friends";
			sourceTree = "<group>";
		};
		1B0D3FFC15936E73009D6DBE /* Events */ = {
			isa = PBXGroup;
			children = (
				1B0D3FF615936E1D009D6DBE /* EventsViewController.h */,
				1B0D3FF715936E1E009D6DBE /* EventsViewController.m */,
				1B0D3FF815936E1E009D6DBE /* EventsViewController.xib */,
				1B0D3FFF15937420009D6DBE /* MyEventsViewController.h */,
				1B0D400015937420009D6DBE /* MyEventsViewController.m */,
				1B0D400115937420009D6DBE /* MyEventsViewController.xib */,
			);
			name = Events;
			sourceTree = "<group>";
		};
		1B0D3FFD15936E7F009D6DBE /* Notification */ = {
			isa = PBXGroup;
			children = (
				1B0D3FF115936BF2009D6DBE /* NotificationViewController.h */,
				1B0D3FF215936BF2009D6DBE /* NotificationViewController.m */,
				1B0D3FF315936BF2009D6DBE /* NotificationViewController.xib */,
			);
			name = Notification;
			sourceTree = "<group>";
		};
		1B0D3FFE15936E92009D6DBE /* Account */ = {
			isa = PBXGroup;
			children = (
				1B0ADEB31591F0EC0081D5DD /* AccountViewController.h */,
				1B0ADEB41591F0EC0081D5DD /* AccountViewController.m */,
				1B0ADEB51591F0EC0081D5DD /* AccountViewController.xib */,
			);
			name = Account;
			sourceTree = "<group>";
		};
		1B555BE81589E864008ECCAD /* JSON */ = {
			isa = PBXGroup;
			children = (
				1B555BE91589E875008ECCAD /* NSObject+SBJson.h */,
				1B555BEA1589E875008ECCAD /* NSObject+SBJson.m */,
				1B555BEB1589E875008ECCAD /* SBJson.h */,
				1B555BEC1589E875008ECCAD /* SBJsonParser.h */,
				1B555BED1589E875008ECCAD /* SBJsonParser.m */,
				1B555BEE1589E875008ECCAD /* SBJsonStreamParser.h */,
				1B555BEF1589E875008ECCAD /* SBJsonStreamParser.m */,
				1B555BF01589E875008ECCAD /* SBJsonStreamParserAccumulator.h */,
				1B555BF11589E875008ECCAD /* SBJsonStreamParserAccumulator.m */,
				1B555BF21589E875008ECCAD /* SBJsonStreamParserAdapter.h */,
				1B555BF31589E875008ECCAD /* SBJsonStreamParserAdapter.m */,
				1B555BF41589E875008ECCAD /* SBJsonStreamParserState.h */,
				1B555BF51589E875008ECCAD /* SBJsonStreamParserState.m */,
				1B555BF61589E875008ECCAD /* SBJsonStreamWriter.h */,
				1B555BF71589E875008ECCAD /* SBJsonStreamWriter.m */,
				1B555BF81589E875008ECCAD /* SBJsonStreamWriterAccumulator.h */,
				1B555BF91589E875008ECCAD /* SBJsonStreamWriterAccumulator.m */,
				1B555BFA1589E875008ECCAD /* SBJsonStreamWriterState.h */,
				1B555BFB1589E875008ECCAD /* SBJsonStreamWriterState.m */,
				1B555BFC1589E875008ECCAD /* SBJsonTokeniser.h */,
				1B555BFD1589E875008ECCAD /* SBJsonTokeniser.m */,
				1B555BFE1589E875008ECCAD /* SBJsonUTF8Stream.h */,
				1B555BFF1589E875008ECCAD /* SBJsonUTF8Stream.m */,
				1B555C001589E875008ECCAD /* SBJsonWriter.h */,
				1B555C011589E875008ECCAD /* SBJsonWriter.m */,
			);
			name = JSON;
			sourceTree = "<group>";
		};
		1B555C15158A1062008ECCAD /* ASIHTTP */ = {
			isa = PBXGroup;
			children = (
				1B325BDC158A1DFA00800B08 /* ASIHTTPRequestConfig.h */,
				1B325BDD158A1DFA00800B08 /* ASICacheDelegate.h */,
				1B325BDE158A1DFA00800B08 /* ASIHTTPRequestDelegate.h */,
				1B325BDF158A1DFA00800B08 /* ASIProgressDelegate.h */,
				1B325BE0158A1DFA00800B08 /* ASIAuthenticationDialog.h */,
				1B325BE1158A1DFA00800B08 /* ASIAuthenticationDialog.m */,
				1B325BE2158A1DFA00800B08 /* ASIInputStream.h */,
				1B325BE3158A1DFA00800B08 /* ASIInputStream.m */,
				1B325BE4158A1DFA00800B08 /* ASIFormDataRequest.h */,
				1B325BE5158A1DFA00800B08 /* ASIFormDataRequest.m */,
				1B325BE6158A1DFA00800B08 /* ASIHTTPRequest.h */,
				1B325BE7158A1DFA00800B08 /* ASIHTTPRequest.m */,
				1B325BE8158A1DFA00800B08 /* ASINetworkQueue.h */,
				1B325BE9158A1DFA00800B08 /* ASINetworkQueue.m */,
				1B325BEA158A1DFA00800B08 /* ASIDownloadCache.h */,
				1B325BEB158A1DFA00800B08 /* ASIDownloadCache.m */,
				1B325BEC158A1DFA00800B08 /* ASIDataDecompressor.h */,
				1B325BED158A1DFA00800B08 /* ASIDataDecompressor.m */,
				1B325BEE158A1DFA00800B08 /* ASIDataCompressor.h */,
				1B325BEF158A1DFA00800B08 /* ASIDataCompressor.m */,
			);
			name = ASIHTTP;
			sourceTree = "<group>";
		};
		1B555C32158A1355008ECCAD /* Reachability */ = {
			isa = PBXGroup;
			children = (
				1B325C02158A1F2100800B08 /* Reachability.h */,
				1B325C03158A1F2100800B08 /* Reachability.m */,
			);
			name = Reachability;
			sourceTree = "<group>";
		};
		1BFD9423157E02CD00DCA36D = {
			isa = PBXGroup;
			children = (
				1B99307F15918D530077CAB8 /* AudioToolbox.framework */,
				1BFD9438157E02CE00DCA36D /* PartyApp */,
				1BFD9464157E02DD00DCA36D /* PartyAppTests */,
				1BFD9431157E02CE00DCA36D /* Frameworks */,
				1BFD942F157E02CE00DCA36D /* Products */,
			);
			sourceTree = "<group>";
		};
		1BFD942F157E02CE00DCA36D /* Products */ = {
			isa = PBXGroup;
			children = (
				1BFD942E157E02CE00DCA36D /* PartyApp.app */,
				1BFD945D157E02DD00DCA36D /* PartyAppTests.octest */,
			);
			name = Products;
			sourceTree = "<group>";
		};
		1BFD9431157E02CE00DCA36D /* Frameworks */ = {
			isa = PBXGroup;
			children = (
				1B325BD4158A1D8A00800B08 /* libz.dylib */,
				1B325C00158A1E3F00800B08 /* CFNetwork.framework */,
				1B325BD2158A1D4800800B08 /* MobileCoreServices.framework */,
				1B555C38158A13B5008ECCAD /* SystemConfiguration.framework */,
				1BFD9432157E02CE00DCA36D /* UIKit.framework */,
				1BFD9434157E02CE00DCA36D /* Foundation.framework */,
				1BFD9436157E02CE00DCA36D /* CoreGraphics.framework */,
				1BFD945E157E02DD00DCA36D /* SenTestingKit.framework */,
			);
			name = Frameworks;
			sourceTree = "<group>";
		};
		1BFD9438157E02CE00DCA36D /* PartyApp */ = {
			isa = PBXGroup;
			children = (
				1B555C32158A1355008ECCAD /* Reachability */,
				1B555C15158A1062008ECCAD /* ASIHTTP */,
				1B555BE81589E864008ECCAD /* JSON */,
				1B0ADEB81591F1310081D5DD /* TabBarClasses */,
				1BD829C01588AE7400A2195B /* TPKeyboardAvoidingScrollView.h */,
				1BD829C11588AE7400A2195B /* TPKeyboardAvoidingScrollView.m */,
				1BFD9441157E02D100DCA36D /* AppDelegate.h */,
				1BFD9442157E02D200DCA36D /* AppDelegate.m */,
				1BD829B215888C8000A2195B /* TheClass.h */,
				1BD829B315888C8000A2195B /* TheClass.m */,
				1BFD9475157E0B3900DCA36D /* LogInViewController.h */,
				1BFD9476157E0B3900DCA36D /* LogInViewController.m */,
				1BFD9477157E0B3900DCA36D /* LogInViewController.xib */,
				1BD829A715888B4900A2195B /* SignInViewController.h */,
				1BD829A815888B4900A2195B /* SignInViewController.m */,
				1BD829A915888B4900A2195B /* SignInViewController.xib */,
				1B8D82A11590D4B50038EC7C /* EditProfileViewController.h */,
				1B8D82A21590D4B50038EC7C /* EditProfileViewController.m */,
				1B8D82A31590D4B50038EC7C /* EditProfileViewController.xib */,
				1BD829AD15888C1F00A2195B /* ForgotPassViewController.h */,
				1BD829AE15888C1F00A2195B /* ForgotPassViewController.m */,
				1BD829AF15888C1F00A2195B /* ForgotPassViewController.xib */,
				1BFD9439157E02D000DCA36D /* Supporting Files */,
			);
			path = PartyApp;
			sourceTree = "<group>";
		};
		1BFD9439157E02D000DCA36D /* Supporting Files */ = {
			isa = PBXGroup;
			children = (
				1BFD943A157E02D000DCA36D /* PartyApp-Info.plist */,
				1BFD943B157E02D000DCA36D /* InfoPlist.strings */,
				1BFD943E157E02D000DCA36D /* main.m */,
				1BFD9440157E02D100DCA36D /* PartyApp-Prefix.pch */,
			);
			name = "Supporting Files";
			sourceTree = "<group>";
		};
		1BFD9464157E02DD00DCA36D /* PartyAppTests */ = {
			isa = PBXGroup;
			children = (
				1BFD946A157E02DF00DCA36D /* PartyAppTests.h */,
				1BFD946B157E02E000DCA36D /* PartyAppTests.m */,
				1BFD9465157E02DE00DCA36D /* Supporting Files */,
			);
			path = PartyAppTests;
			sourceTree = "<group>";
		};
		1BFD9465157E02DE00DCA36D /* Supporting Files */ = {
			isa = PBXGroup;
			children = (
				1BFD9466157E02DE00DCA36D /* PartyAppTests-Info.plist */,
				1BFD9467157E02DF00DCA36D /* InfoPlist.strings */,
			);
			name = "Supporting Files";
			sourceTree = "<group>";
		};
/* End PBXGroup section */

/* Begin PBXNativeTarget section */
		1BFD942D157E02CE00DCA36D /* PartyApp */ = {
			isa = PBXNativeTarget;
			buildConfigurationList = 1BFD946F157E02E000DCA36D /* Build configuration list for PBXNativeTarget "PartyApp" */;
			buildPhases = (
				1BFD942A157E02CE00DCA36D /* Sources */,
				1BFD942B157E02CE00DCA36D /* Frameworks */,
				1BFD942C157E02CE00DCA36D /* Resources */,
			);
			buildRules = (
			);
			dependencies = (
			);
			name = PartyApp;
			productName = PartyApp;
			productReference = 1BFD942E157E02CE00DCA36D /* PartyApp.app */;
			productType = "com.apple.product-type.application";
		};
		1BFD945C157E02DD00DCA36D /* PartyAppTests */ = {
			isa = PBXNativeTarget;
			buildConfigurationList = 1BFD9472157E02E000DCA36D /* Build configuration list for PBXNativeTarget "PartyAppTests" */;
			buildPhases = (
				1BFD9458157E02DD00DCA36D /* Sources */,
				1BFD9459157E02DD00DCA36D /* Frameworks */,
				1BFD945A157E02DD00DCA36D /* Resources */,
				1BFD945B157E02DD00DCA36D /* ShellScript */,
			);
			buildRules = (
			);
			dependencies = (
				1BFD9463157E02DD00DCA36D /* PBXTargetDependency */,
			);
			name = PartyAppTests;
			productName = PartyAppTests;
			productReference = 1BFD945D157E02DD00DCA36D /* PartyAppTests.octest */;
			productType = "com.apple.product-type.bundle";
		};
/* End PBXNativeTarget section */

/* Begin PBXProject section */
		1BFD9425157E02CD00DCA36D /* Project object */ = {
			isa = PBXProject;
			attributes = {
				LastUpgradeCheck = 0430;
			};
			buildConfigurationList = 1BFD9428157E02CD00DCA36D /* Build configuration list for PBXProject "PartyApp" */;
			compatibilityVersion = "Xcode 3.2";
			developmentRegion = English;
			hasScannedForEncodings = 0;
			knownRegions = (
				en,
			);
			mainGroup = 1BFD9423157E02CD00DCA36D;
			productRefGroup = 1BFD942F157E02CE00DCA36D /* Products */;
			projectDirPath = "";
			projectRoot = "";
			targets = (
				1BFD942D157E02CE00DCA36D /* PartyApp */,
				1BFD945C157E02DD00DCA36D /* PartyAppTests */,
			);
		};
/* End PBXProject section */

/* Begin PBXResourcesBuildPhase section */
		1BFD942C157E02CE00DCA36D /* Resources */ = {
			isa = PBXResourcesBuildPhase;
			buildActionMask = 2147483647;
			files = (
				1BFD943D157E02D000DCA36D /* InfoPlist.strings in Resources */,
				1BFD9448157E02D400DCA36D /* first.png in Resources */,
				1BFD944A157E02D600DCA36D /* first@2x.png in Resources */,
				1BFD944F157E02D800DCA36D /* second.png in Resources */,
				1BFD9451157E02DA00DCA36D /* second@2x.png in Resources */,
				1BFD9479157E0B3900DCA36D /* LogInViewController.xib in Resources */,
				1BD829AB15888B4900A2195B /* SignInViewController.xib in Resources */,
				1BD829B115888C1F00A2195B /* ForgotPassViewController.xib in Resources */,
				1B8D82A51590D4B50038EC7C /* EditProfileViewController.xib in Resources */,
				1B0ADEB21591F04E0081D5DD /* PhotoViewController.xib in Resources */,
				1B0ADEB71591F0ED0081D5DD /* AccountViewController.xib in Resources */,
				1B0C42CE1593164A006AD55A /* SelectPhotoViewController.xib in Resources */,
				1B0D3FF515936BF3009D6DBE /* NotificationViewController.xib in Resources */,
				1B0D3FFA15936E1E009D6DBE /* EventsViewController.xib in Resources */,
				1B0D400315937420009D6DBE /* MyEventsViewController.xib in Resources */,
			);
			runOnlyForDeploymentPostprocessing = 0;
		};
		1BFD945A157E02DD00DCA36D /* Resources */ = {
			isa = PBXResourcesBuildPhase;
			buildActionMask = 2147483647;
			files = (
				1BFD9469157E02DF00DCA36D /* InfoPlist.strings in Resources */,
			);
			runOnlyForDeploymentPostprocessing = 0;
		};
/* End PBXResourcesBuildPhase section */

/* Begin PBXShellScriptBuildPhase section */
		1BFD945B157E02DD00DCA36D /* ShellScript */ = {
			isa = PBXShellScriptBuildPhase;
			buildActionMask = 2147483647;
			files = (
			);
			inputPaths = (
			);
			outputPaths = (
			);
			runOnlyForDeploymentPostprocessing = 0;
			shellPath = /bin/sh;
			shellScript = "# Run the unit tests in this test bundle.\n\"${SYSTEM_DEVELOPER_DIR}/Tools/RunUnitTests\"\n";
		};
/* End PBXShellScriptBuildPhase section */

/* Begin PBXSourcesBuildPhase section */
		1BFD942A157E02CE00DCA36D /* Sources */ = {
			isa = PBXSourcesBuildPhase;
			buildActionMask = 2147483647;
			files = (
				1BFD943F157E02D000DCA36D /* main.m in Sources */,
				1BFD9443157E02D200DCA36D /* AppDelegate.m in Sources */,
				1BFD9478157E0B3900DCA36D /* LogInViewController.m in Sources */,
				1BD829AA15888B4900A2195B /* SignInViewController.m in Sources */,
				1BD829B015888C1F00A2195B /* ForgotPassViewController.m in Sources */,
				1BD829B415888C8000A2195B /* TheClass.m in Sources */,
				1BD829C31588B02300A2195B /* TPKeyboardAvoidingScrollView.m in Sources */,
				1B555C021589E875008ECCAD /* NSObject+SBJson.m in Sources */,
				1B555C031589E875008ECCAD /* SBJsonParser.m in Sources */,
				1B555C041589E875008ECCAD /* SBJsonStreamParser.m in Sources */,
				1B555C051589E875008ECCAD /* SBJsonStreamParserAccumulator.m in Sources */,
				1B555C061589E875008ECCAD /* SBJsonStreamParserAdapter.m in Sources */,
				1B555C071589E875008ECCAD /* SBJsonStreamParserState.m in Sources */,
				1B555C081589E875008ECCAD /* SBJsonStreamWriter.m in Sources */,
				1B555C091589E875008ECCAD /* SBJsonStreamWriterAccumulator.m in Sources */,
				1B555C0A1589E875008ECCAD /* SBJsonStreamWriterState.m in Sources */,
				1B555C0B1589E875008ECCAD /* SBJsonTokeniser.m in Sources */,
				1B555C0C1589E875008ECCAD /* SBJsonUTF8Stream.m in Sources */,
				1B555C0D1589E875008ECCAD /* SBJsonWriter.m in Sources */,
				1B325BF0158A1DFA00800B08 /* ASIAuthenticationDialog.m in Sources */,
				1B325BF2158A1DFA00800B08 /* ASIInputStream.m in Sources */,
				1B325BF4158A1DFA00800B08 /* ASIFormDataRequest.m in Sources */,
				1B325BF6158A1DFA00800B08 /* ASIHTTPRequest.m in Sources */,
				1B325BF8158A1DFA00800B08 /* ASINetworkQueue.m in Sources */,
				1B325BFA158A1DFA00800B08 /* ASIDownloadCache.m in Sources */,
				1B325BFC158A1DFA00800B08 /* ASIDataDecompressor.m in Sources */,
				1B325BFE158A1DFA00800B08 /* ASIDataCompressor.m in Sources */,
				1B325C04158A1F2100800B08 /* Reachability.m in Sources */,
				1B8D82A41590D4B50038EC7C /* EditProfileViewController.m in Sources */,
				1B0ADEB11591F04E0081D5DD /* PhotoViewController.m in Sources */,
				1B0ADEB61591F0ED0081D5DD /* AccountViewController.m in Sources */,
				1B0C42CD1593164A006AD55A /* SelectPhotoViewController.m in Sources */,
				1B0D3FF415936BF3009D6DBE /* NotificationViewController.m in Sources */,
				1B0D3FF915936E1E009D6DBE /* EventsViewController.m in Sources */,
				1B0D400215937420009D6DBE /* MyEventsViewController.m in Sources */,
			);
			runOnlyForDeploymentPostprocessing = 0;
		};
		1BFD9458157E02DD00DCA36D /* Sources */ = {
			isa = PBXSourcesBuildPhase;
			buildActionMask = 2147483647;
			files = (
				1BFD946C157E02E000DCA36D /* PartyAppTests.m in Sources */,
				1B325BF1158A1DFA00800B08 /* ASIAuthenticationDialog.m in Sources */,
				1B325BF3158A1DFA00800B08 /* ASIInputStream.m in Sources */,
				1B325BF5158A1DFA00800B08 /* ASIFormDataRequest.m in Sources */,
				1B325BF7158A1DFA00800B08 /* ASIHTTPRequest.m in Sources */,
				1B325BF9158A1DFA00800B08 /* ASINetworkQueue.m in Sources */,
				1B325BFB158A1DFA00800B08 /* ASIDownloadCache.m in Sources */,
				1B325BFD158A1DFA00800B08 /* ASIDataDecompressor.m in Sources */,
				1B325BFF158A1DFA00800B08 /* ASIDataCompressor.m in Sources */,
				1B325C05158A1F2100800B08 /* Reachability.m in Sources */,
			);
			runOnlyForDeploymentPostprocessing = 0;
		};
/* End PBXSourcesBuildPhase section */

/* Begin PBXTargetDependency section */
		1BFD9463157E02DD00DCA36D /* PBXTargetDependency */ = {
			isa = PBXTargetDependency;
			target = 1BFD942D157E02CE00DCA36D /* PartyApp */;
			targetProxy = 1BFD9462157E02DD00DCA36D /* PBXContainerItemProxy */;
		};
/* End PBXTargetDependency section */

/* Begin PBXVariantGroup section */
		1BFD943B157E02D000DCA36D /* InfoPlist.strings */ = {
			isa = PBXVariantGroup;
			children = (
				1BFD943C157E02D000DCA36D /* en */,
			);
			name = InfoPlist.strings;
			sourceTree = "<group>";
		};
		1BFD9467157E02DF00DCA36D /* InfoPlist.strings */ = {
			isa = PBXVariantGroup;
			children = (
				1BFD9468157E02DF00DCA36D /* en */,
			);
			name = InfoPlist.strings;
			sourceTree = "<group>";
		};
/* End PBXVariantGroup section */

/* Begin XCBuildConfiguration section */
		1BFD946D157E02E000DCA36D /* Debug */ = {
			isa = XCBuildConfiguration;
			buildSettings = {
				ALWAYS_SEARCH_USER_PATHS = NO;
				ARCHS = "$(ARCHS_STANDARD_32_BIT)";
				CLANG_ENABLE_OBJC_ARC = YES;
				CODE_SIGN_IDENTITY = "iPhone Distribution";
				"CODE_SIGN_IDENTITY[sdk=iphoneos*]" = "iPhone Developer";
				COPY_PHASE_STRIP = NO;
				GCC_C_LANGUAGE_STANDARD = gnu99;
				GCC_DYNAMIC_NO_PIC = NO;
				GCC_OPTIMIZATION_LEVEL = 0;
				GCC_PREPROCESSOR_DEFINITIONS = (
					"DEBUG=1",
					"$(inherited)",
				);
				GCC_SYMBOLS_PRIVATE_EXTERN = NO;
				GCC_VERSION = com.apple.compilers.llvm.clang.1_0;
				GCC_WARN_ABOUT_RETURN_TYPE = YES;
				GCC_WARN_UNINITIALIZED_AUTOS = YES;
				GCC_WARN_UNUSED_VARIABLE = YES;
				IPHONEOS_DEPLOYMENT_TARGET = 5.1;
				PROVISIONING_PROFILE = "";
				SDKROOT = iphoneos;
			};
			name = Debug;
		};
		1BFD946E157E02E000DCA36D /* Release */ = {
			isa = XCBuildConfiguration;
			buildSettings = {
				ALWAYS_SEARCH_USER_PATHS = NO;
				ARCHS = "$(ARCHS_STANDARD_32_BIT)";
				CLANG_ENABLE_OBJC_ARC = YES;
				CODE_SIGN_IDENTITY = "iPhone Distribution";
				"CODE_SIGN_IDENTITY[sdk=iphoneos*]" = "iPhone Developer";
				COPY_PHASE_STRIP = YES;
				GCC_C_LANGUAGE_STANDARD = gnu99;
				GCC_VERSION = com.apple.compilers.llvm.clang.1_0;
				GCC_WARN_ABOUT_RETURN_TYPE = YES;
				GCC_WARN_UNINITIALIZED_AUTOS = YES;
				GCC_WARN_UNUSED_VARIABLE = YES;
				IPHONEOS_DEPLOYMENT_TARGET = 5.1;
				OTHER_CFLAGS = "-DNS_BLOCK_ASSERTIONS=1";
				PROVISIONING_PROFILE = "";
				SDKROOT = iphoneos;
				VALIDATE_PRODUCT = YES;
			};
			name = Release;
		};
		1BFD9470157E02E000DCA36D /* Debug */ = {
			isa = XCBuildConfiguration;
			buildSettings = {
				CODE_SIGN_IDENTITY = "iPhone Developer";
				GCC_PRECOMPILE_PREFIX_HEADER = YES;
				GCC_PREFIX_HEADER = "PartyApp/PartyApp-Prefix.pch";
				INFOPLIST_FILE = "PartyApp/PartyApp-Info.plist";
				IPHONEOS_DEPLOYMENT_TARGET = 4.3;
				PRODUCT_NAME = "$(TARGET_NAME)";
				PROVISIONING_PROFILE = "";
				WRAPPER_EXTENSION = app;
			};
			name = Debug;
		};
		1BFD9471157E02E000DCA36D /* Release */ = {
			isa = XCBuildConfiguration;
			buildSettings = {
				CODE_SIGN_IDENTITY = "iPhone Developer";
				GCC_PRECOMPILE_PREFIX_HEADER = YES;
				GCC_PREFIX_HEADER = "PartyApp/PartyApp-Prefix.pch";
				INFOPLIST_FILE = "PartyApp/PartyApp-Info.plist";
				IPHONEOS_DEPLOYMENT_TARGET = 4.3;
				PRODUCT_NAME = "$(TARGET_NAME)";
				PROVISIONING_PROFILE = "";
				WRAPPER_EXTENSION = app;
			};
			name = Release;
		};
		1BFD9473157E02E000DCA36D /* Debug */ = {
			isa = XCBuildConfiguration;
			buildSettings = {
				BUNDLE_LOADER = "$(BUILT_PRODUCTS_DIR)/PartyApp.app/PartyApp";
				FRAMEWORK_SEARCH_PATHS = (
					"$(SDKROOT)/Developer/Library/Frameworks",
					"$(DEVELOPER_LIBRARY_DIR)/Frameworks",
				);
				GCC_PRECOMPILE_PREFIX_HEADER = YES;
				GCC_PREFIX_HEADER = "PartyApp/PartyApp-Prefix.pch";
				INFOPLIST_FILE = "PartyAppTests/PartyAppTests-Info.plist";
				IPHONEOS_DEPLOYMENT_TARGET = 4.3;
				PRODUCT_NAME = "$(TARGET_NAME)";
				TEST_HOST = "$(BUNDLE_LOADER)";
				WRAPPER_EXTENSION = octest;
			};
			name = Debug;
		};
		1BFD9474157E02E000DCA36D /* Release */ = {
			isa = XCBuildConfiguration;
			buildSettings = {
				BUNDLE_LOADER = "$(BUILT_PRODUCTS_DIR)/PartyApp.app/PartyApp";
				FRAMEWORK_SEARCH_PATHS = (
					"$(SDKROOT)/Developer/Library/Frameworks",
					"$(DEVELOPER_LIBRARY_DIR)/Frameworks",
				);
				GCC_PRECOMPILE_PREFIX_HEADER = YES;
				GCC_PREFIX_HEADER = "PartyApp/PartyApp-Prefix.pch";
				INFOPLIST_FILE = "PartyAppTests/PartyAppTests-Info.plist";
				IPHONEOS_DEPLOYMENT_TARGET = 4.3;
				PRODUCT_NAME = "$(TARGET_NAME)";
				TEST_HOST = "$(BUNDLE_LOADER)";
				WRAPPER_EXTENSION = octest;
			};
			name = Release;
		};
/* End XCBuildConfiguration section */

/* Begin XCConfigurationList section */
		1BFD9428157E02CD00DCA36D /* Build configuration list for PBXProject "PartyApp" */ = {
			isa = XCConfigurationList;
			buildConfigurations = (
				1BFD946D157E02E000DCA36D /* Debug */,
				1BFD946E157E02E000DCA36D /* Release */,
			);
			defaultConfigurationIsVisible = 0;
			defaultConfigurationName = Release;
		};
		1BFD946F157E02E000DCA36D /* Build configuration list for PBXNativeTarget "PartyApp" */ = {
			isa = XCConfigurationList;
			buildConfigurations = (
				1BFD9470157E02E000DCA36D /* Debug */,
				1BFD9471157E02E000DCA36D /* Release */,
			);
			defaultConfigurationIsVisible = 0;
			defaultConfigurationName = Release;
		};
		1BFD9472157E02E000DCA36D /* Build configuration list for PBXNativeTarget "PartyAppTests" */ = {
			isa = XCConfigurationList;
			buildConfigurations = (
				1BFD9473157E02E000DCA36D /* Debug */,
				1BFD9474157E02E000DCA36D /* Release */,
			);
			defaultConfigurationIsVisible = 0;
			defaultConfigurationName = Release;
		};
/* End XCConfigurationList section */
	};
	rootObject = 1BFD9425157E02CD00DCA36D /* Project object */;
}
